
Microsoft Visual Studio Solution File, Format Version 12.00
# Visual Studio Version 17
VisualStudioVersion = 17.9.34616.47
MinimumVisualStudioVersion = 10.0.40219.1
Project("{FAE04EC0-301F-11D3-BF4B-00C04F79EFBC}") = "AM.Cars.Server", "AM.Cars.Server\AM.Cars.Server.csproj", "{479E4E90-7DCD-4920-8447-D08673538FFD}"
EndProject
Project("{2150E333-8FDC-42A3-9474-1A3956D46DE8}") = "Application", "Application", "{2A9191EA-2C8B-4085-9163-7ACC45CCA54D}"
EndProject
Project("{2150E333-8FDC-42A3-9474-1A3956D46DE8}") = "Domain", "Domain", "{6F84010B-4B4E-4199-A885-65939BF908F6}"
EndProject
Project("{2150E333-8FDC-42A3-9474-1A3956D46DE8}") = "Infrustructure", "Infrustructure", "{21559CA9-2B5A-4DE2-B427-A5C66CDB5455}"
EndProject
Project("{2150E333-8FDC-42A3-9474-1A3956D46DE8}") = "Presentation", "Presentation", "{7884E4D5-CB19-4293-9CF2-332F47221B13}"
EndProject
Project("{FAE04EC0-301F-11D3-BF4B-00C04F79EFBC}") = "AM.Cars.Server.Application", "AM.Cars.Server.Application\AM.Cars.Server.Application.csproj", "{D62C1DA3-561C-4047-9825-69A4D895088B}"
EndProject
Project("{FAE04EC0-301F-11D3-BF4B-00C04F79EFBC}") = "AM.Cars.Server.Domain", "AM.Cars.Server.Domain\AM.Cars.Server.Domain.csproj", "{0FCF7409-0470-47AA-A0F0-AD7BFE21D6CD}"
EndProject
Project("{FAE04EC0-301F-11D3-BF4B-00C04F79EFBC}") = "AM.Cars.Server.Infrustructure", "AM.Cars.Server.Infrustructure\AM.Cars.Server.Infrustructure.csproj", "{8A660662-EE0D-4785-BF7F-5BE9F008D7BF}"
EndProject
Project("{FAE04EC0-301F-11D3-BF4B-00C04F79EFBC}") = "AM.Cars.Server.Infrustructure.Database", "AM.Cars.Server.Infrustructure.Database\AM.Cars.Server.Infrustructure.Database.csproj", "{70F48B4D-A5B0-4E75-BF85-9DD92A654781}"
EndProject
Global
	GlobalSection(SolutionConfigurationPlatforms) = preSolution
		Debug|Any CPU = Debug|Any CPU
		Release|Any CPU = Release|Any CPU
	EndGlobalSection
	GlobalSection(ProjectConfigurationPlatforms) = postSolution
		{479E4E90-7DCD-4920-8447-D08673538FFD}.Debug|Any CPU.ActiveCfg = Debug|Any CPU
		{479E4E90-7DCD-4920-8447-D08673538FFD}.Debug|Any CPU.Build.0 = Debug|Any CPU
		{479E4E90-7DCD-4920-8447-D08673538FFD}.Release|Any CPU.ActiveCfg = Release|Any CPU
		{479E4E90-7DCD-4920-8447-D08673538FFD}.Release|Any CPU.Build.0 = Release|Any CPU
		{D62C1DA3-561C-4047-9825-69A4D895088B}.Debug|Any CPU.ActiveCfg = Debug|Any CPU
		{D62C1DA3-561C-4047-9825-69A4D895088B}.Debug|Any CPU.Build.0 = Debug|Any CPU
		{D62C1DA3-561C-4047-9825-69A4D895088B}.Release|Any CPU.ActiveCfg = Release|Any CPU
		{D62C1DA3-561C-4047-9825-69A4D895088B}.Release|Any CPU.Build.0 = Release|Any CPU
		{0FCF7409-0470-47AA-A0F0-AD7BFE21D6CD}.Debug|Any CPU.ActiveCfg = Debug|Any CPU
		{0FCF7409-0470-47AA-A0F0-AD7BFE21D6CD}.Debug|Any CPU.Build.0 = Debug|Any CPU
		{0FCF7409-0470-47AA-A0F0-AD7BFE21D6CD}.Release|Any CPU.ActiveCfg = Release|Any CPU
		{0FCF7409-0470-47AA-A0F0-AD7BFE21D6CD}.Release|Any CPU.Build.0 = Release|Any CPU
		{8A660662-EE0D-4785-BF7F-5BE9F008D7BF}.Debug|Any CPU.ActiveCfg = Debug|Any CPU
		{8A660662-EE0D-4785-BF7F-5BE9F008D7BF}.Debug|Any CPU.Build.0 = Debug|Any CPU
		{8A660662-EE0D-4785-BF7F-5BE9F008D7BF}.Release|Any CPU.ActiveCfg = Release|Any CPU
		{8A660662-EE0D-4785-BF7F-5BE9F008D7BF}.Release|Any CPU.Build.0 = Release|Any CPU
		{70F48B4D-A5B0-4E75-BF85-9DD92A654781}.Debug|Any CPU.ActiveCfg = Debug|Any CPU
		{70F48B4D-A5B0-4E75-BF85-9DD92A654781}.Debug|Any CPU.Build.0 = Debug|Any CPU
		{70F48B4D-A5B0-4E75-BF85-9DD92A654781}.Release|Any CPU.ActiveCfg = Release|Any CPU
		{70F48B4D-A5B0-4E75-BF85-9DD92A654781}.Release|Any CPU.Build.0 = Release|Any CPU
	EndGlobalSection
	GlobalSection(SolutionProperties) = preSolution
		HideSolutionNode = FALSE
	EndGlobalSection
	GlobalSection(NestedProjects) = preSolution
		{479E4E90-7DCD-4920-8447-D08673538FFD} = {7884E4D5-CB19-4293-9CF2-332F47221B13}
		{D62C1DA3-561C-4047-9825-69A4D895088B} = {2A9191EA-2C8B-4085-9163-7ACC45CCA54D}
		{0FCF7409-0470-47AA-A0F0-AD7BFE21D6CD} = {6F84010B-4B4E-4199-A885-65939BF908F6}
		{8A660662-EE0D-4785-BF7F-5BE9F008D7BF} = {21559CA9-2B5A-4DE2-B427-A5C66CDB5455}
		{70F48B4D-A5B0-4E75-BF85-9DD92A654781} = {21559CA9-2B5A-4DE2-B427-A5C66CDB5455}
	EndGlobalSection
	GlobalSection(ExtensibilityGlobals) = postSolution
		SolutionGuid = {3167CA1D-6D7C-4ABE-8829-B83D4017A448}
	EndGlobalSection
EndGlobal
